
Microsoft Visual Studio Solution File, Format Version 12.00
# Visual Studio 2013
VisualStudioVersion = 12.0.31101.0
MinimumVisualStudioVersion = 10.0.40219.1
Project("{2150E333-8FDC-42A3-9474-1A3956D46DE8}") = "Host", "Host", "{24DBD7FC-846D-483E-B8F6-D2C46542EB8B}"
EndProject
Project("{FAE04EC0-301F-11D3-BF4B-00C04F79EFBC}") = "KonfDB.Infrastructure", "Server\KonfDB.Infrastructure\KonfDB.Infrastructure.csproj", "{82E5ECA3-9B1C-430B-96EF-89A083C45B7A}"
EndProject
Project("{FAE04EC0-301F-11D3-BF4B-00C04F79EFBC}") = "KonfDBHost", "Server\KonfDBHost\KonfDBHost.csproj", "{318F3A5E-F9D0-4A80-8D42-D3D814543044}"
EndProject
Project("{FAE04EC0-301F-11D3-BF4B-00C04F79EFBC}") = "KonfDB.Engine", "Server\KonfDB.Engine\KonfDB.Engine.csproj", "{BF994794-04ED-43CA-86B0-482A996756F7}"
EndProject
Project("{2150E333-8FDC-42A3-9474-1A3956D46DE8}") = "UnitTests", "UnitTests", "{A11FF895-CBAA-4F5D-AB30-BE3F359BD79C}"
EndProject
Project("{FAE04EC0-301F-11D3-BF4B-00C04F79EFBC}") = "KonfDB.InfrastructureTests", "Server\UnitTests\KonfDB.InfrastructureTests\KonfDB.InfrastructureTests.csproj", "{790AA57D-FD4B-451D-8641-304FDC2659F2}"
EndProject
Project("{2150E333-8FDC-42A3-9474-1A3956D46DE8}") = "Client", "Client", "{AA5D60F3-BDE8-4D46-89C9-658879AFD4CD}"
EndProject
Project("{FAE04EC0-301F-11D3-BF4B-00C04F79EFBC}") = "KonfDBCF", "Client\KonfDBCF\KonfDBCF.csproj", "{DA1F89DF-85A0-4B81-A362-6B74B54ABA95}"
EndProject
Project("{FAE04EC0-301F-11D3-BF4B-00C04F79EFBC}") = "KonfDBRC", "Client\KonfDBRC\KonfDBRC.csproj", "{3C3897D7-6D9A-41F7-843D-D14DDEE70ECC}"
EndProject
Project("{2150E333-8FDC-42A3-9474-1A3956D46DE8}") = ".nuget", ".nuget", "{8D850D80-9F2E-4E14-B8B2-62277DF48774}"
	ProjectSection(SolutionItems) = preProject
		.nuget\NuGet.Config = .nuget\NuGet.Config
		.nuget\NuGet.exe = .nuget\NuGet.exe
		.nuget\NuGet.targets = .nuget\NuGet.targets
	EndProjectSection
EndProject
Project("{2150E333-8FDC-42A3-9474-1A3956D46DE8}") = "Shared", "Shared", "{5FA58E60-289C-4013-BFAB-DF3DAD69CA21}"
EndProject
Project("{FAE04EC0-301F-11D3-BF4B-00C04F79EFBC}") = "KonfDB.Shared", "Shared\KonfDBC\KonfDB.Shared.csproj", "{75DBDA1D-7776-45FD-82DE-8C8EECA3AC1F}"
EndProject
Project("{2150E333-8FDC-42A3-9474-1A3956D46DE8}") = "Samples", "Samples", "{035E2F16-D115-4C8C-BF65-8C6362452B1C}"
EndProject
Project("{FAE04EC0-301F-11D3-BF4B-00C04F79EFBC}") = "KonfDBCF.NugetSample", "Samples\KonfDBCF.NugetSample\KonfDBCF.NugetSample.csproj", "{A0FB3D9B-98A9-403F-8C70-380EC2CF24CC}"
EndProject
Project("{FAE04EC0-301F-11D3-BF4B-00C04F79EFBC}") = "KonfDB.RESTSample", "Samples\KonfDB.RESTSample\KonfDB.RESTSample.csproj", "{5174BDA8-367C-41E2-A5AB-71D179F9F8B1}"
EndProject
Project("{FAE04EC0-301F-11D3-BF4B-00C04F79EFBC}") = "KonfDB.RefSamples", "Samples\KonfDB.RefSamples\KonfDB.RefSamples.csproj", "{19033220-7019-4C36-A82D-CBEDDE03DFF3}"
EndProject
Project("{2150E333-8FDC-42A3-9474-1A3956D46DE8}") = "Cloud", "Cloud", "{E9BCC194-F034-442E-AD82-8FC76F535E84}"
EndProject
Project("{CC5FD16D-436D-48AD-A40C-5A424C6E3E79}") = "AzureCloudService", "Cloud\Azure\AzureCloudService\AzureCloudService.ccproj", "{0BBA4607-5B30-469F-8BC2-2FD8DF851A99}"
EndProject
Project("{FAE04EC0-301F-11D3-BF4B-00C04F79EFBC}") = "KonfDBAH", "Cloud\Azure\KonfDBAH\KonfDBAH.csproj", "{3F4492EF-D1CE-4F44-B20C-5DE97E3B724B}"
EndProject
Global
	GlobalSection(SolutionConfigurationPlatforms) = preSolution
		Debug|Any CPU = Debug|Any CPU
		Debug-Net4.0|Any CPU = Debug-Net4.0|Any CPU
		Debug-Net4.5|Any CPU = Debug-Net4.5|Any CPU
		Release|Any CPU = Release|Any CPU
		Release-Net4.0|Any CPU = Release-Net4.0|Any CPU
		Release-Net4.5|Any CPU = Release-Net4.5|Any CPU
	EndGlobalSection
	GlobalSection(ProjectConfigurationPlatforms) = postSolution
		{82E5ECA3-9B1C-430B-96EF-89A083C45B7A}.Debug|Any CPU.ActiveCfg = Debug-Net4.5|Any CPU
		{82E5ECA3-9B1C-430B-96EF-89A083C45B7A}.Debug|Any CPU.Build.0 = Debug-Net4.5|Any CPU
		{82E5ECA3-9B1C-430B-96EF-89A083C45B7A}.Debug-Net4.0|Any CPU.ActiveCfg = Debug-Net4.0|Any CPU
		{82E5ECA3-9B1C-430B-96EF-89A083C45B7A}.Debug-Net4.0|Any CPU.Build.0 = Debug-Net4.0|Any CPU
		{82E5ECA3-9B1C-430B-96EF-89A083C45B7A}.Debug-Net4.5|Any CPU.ActiveCfg = Debug-Net4.5|Any CPU
		{82E5ECA3-9B1C-430B-96EF-89A083C45B7A}.Debug-Net4.5|Any CPU.Build.0 = Debug-Net4.5|Any CPU
		{82E5ECA3-9B1C-430B-96EF-89A083C45B7A}.Release|Any CPU.ActiveCfg = Release-Net4.5|Any CPU
		{82E5ECA3-9B1C-430B-96EF-89A083C45B7A}.Release|Any CPU.Build.0 = Release-Net4.5|Any CPU
		{82E5ECA3-9B1C-430B-96EF-89A083C45B7A}.Release-Net4.0|Any CPU.ActiveCfg = Release-Net4.0|Any CPU
		{82E5ECA3-9B1C-430B-96EF-89A083C45B7A}.Release-Net4.0|Any CPU.Build.0 = Release-Net4.0|Any CPU
		{82E5ECA3-9B1C-430B-96EF-89A083C45B7A}.Release-Net4.5|Any CPU.ActiveCfg = Release-Net4.5|Any CPU
		{82E5ECA3-9B1C-430B-96EF-89A083C45B7A}.Release-Net4.5|Any CPU.Build.0 = Release-Net4.5|Any CPU
		{318F3A5E-F9D0-4A80-8D42-D3D814543044}.Debug|Any CPU.ActiveCfg = Debug|Any CPU
		{318F3A5E-F9D0-4A80-8D42-D3D814543044}.Debug|Any CPU.Build.0 = Debug|Any CPU
		{318F3A5E-F9D0-4A80-8D42-D3D814543044}.Debug-Net4.0|Any CPU.ActiveCfg = Debug-Net4.0|Any CPU
		{318F3A5E-F9D0-4A80-8D42-D3D814543044}.Debug-Net4.0|Any CPU.Build.0 = Debug-Net4.0|Any CPU
		{318F3A5E-F9D0-4A80-8D42-D3D814543044}.Debug-Net4.5|Any CPU.ActiveCfg = Debug-Net4.5|Any CPU
		{318F3A5E-F9D0-4A80-8D42-D3D814543044}.Debug-Net4.5|Any CPU.Build.0 = Debug-Net4.5|Any CPU
		{318F3A5E-F9D0-4A80-8D42-D3D814543044}.Release|Any CPU.ActiveCfg = Release-Net4.5|Any CPU
		{318F3A5E-F9D0-4A80-8D42-D3D814543044}.Release|Any CPU.Build.0 = Release-Net4.5|Any CPU
		{318F3A5E-F9D0-4A80-8D42-D3D814543044}.Release-Net4.0|Any CPU.ActiveCfg = Release-Net4.0|Any CPU
		{318F3A5E-F9D0-4A80-8D42-D3D814543044}.Release-Net4.0|Any CPU.Build.0 = Release-Net4.0|Any CPU
		{318F3A5E-F9D0-4A80-8D42-D3D814543044}.Release-Net4.5|Any CPU.ActiveCfg = Release-Net4.5|Any CPU
		{318F3A5E-F9D0-4A80-8D42-D3D814543044}.Release-Net4.5|Any CPU.Build.0 = Release-Net4.5|Any CPU
		{BF994794-04ED-43CA-86B0-482A996756F7}.Debug|Any CPU.ActiveCfg = Debug-Net4.5|Any CPU
		{BF994794-04ED-43CA-86B0-482A996756F7}.Debug|Any CPU.Build.0 = Debug-Net4.5|Any CPU
		{BF994794-04ED-43CA-86B0-482A996756F7}.Debug-Net4.0|Any CPU.ActiveCfg = Debug-Net4.0|Any CPU
		{BF994794-04ED-43CA-86B0-482A996756F7}.Debug-Net4.0|Any CPU.Build.0 = Debug-Net4.0|Any CPU
		{BF994794-04ED-43CA-86B0-482A996756F7}.Debug-Net4.5|Any CPU.ActiveCfg = Debug-Net4.5|Any CPU
		{BF994794-04ED-43CA-86B0-482A996756F7}.Debug-Net4.5|Any CPU.Build.0 = Debug-Net4.5|Any CPU
		{BF994794-04ED-43CA-86B0-482A996756F7}.Release|Any CPU.ActiveCfg = Release-Net4.5|Any CPU
		{BF994794-04ED-43CA-86B0-482A996756F7}.Release|Any CPU.Build.0 = Release-Net4.5|Any CPU
		{BF994794-04ED-43CA-86B0-482A996756F7}.Release-Net4.0|Any CPU.ActiveCfg = Release-Net4.0|Any CPU
		{BF994794-04ED-43CA-86B0-482A996756F7}.Release-Net4.0|Any CPU.Build.0 = Release-Net4.0|Any CPU
		{BF994794-04ED-43CA-86B0-482A996756F7}.Release-Net4.5|Any CPU.ActiveCfg = Release-Net4.5|Any CPU
		{BF994794-04ED-43CA-86B0-482A996756F7}.Release-Net4.5|Any CPU.Build.0 = Release-Net4.5|Any CPU
		{790AA57D-FD4B-451D-8641-304FDC2659F2}.Debug|Any CPU.ActiveCfg = Debug-Net4.5|Any CPU
		{790AA57D-FD4B-451D-8641-304FDC2659F2}.Debug|Any CPU.Build.0 = Debug-Net4.5|Any CPU
		{790AA57D-FD4B-451D-8641-304FDC2659F2}.Debug-Net4.0|Any CPU.ActiveCfg = Debug-Net4.0|Any CPU
		{790AA57D-FD4B-451D-8641-304FDC2659F2}.Debug-Net4.0|Any CPU.Build.0 = Debug-Net4.0|Any CPU
		{790AA57D-FD4B-451D-8641-304FDC2659F2}.Debug-Net4.5|Any CPU.ActiveCfg = Debug-Net4.5|Any CPU
		{790AA57D-FD4B-451D-8641-304FDC2659F2}.Debug-Net4.5|Any CPU.Build.0 = Debug-Net4.5|Any CPU
		{790AA57D-FD4B-451D-8641-304FDC2659F2}.Release|Any CPU.ActiveCfg = Release-Net4.5|Any CPU
		{790AA57D-FD4B-451D-8641-304FDC2659F2}.Release|Any CPU.Build.0 = Release-Net4.5|Any CPU
		{790AA57D-FD4B-451D-8641-304FDC2659F2}.Release-Net4.0|Any CPU.ActiveCfg = Release-Net4.0|Any CPU
		{790AA57D-FD4B-451D-8641-304FDC2659F2}.Release-Net4.5|Any CPU.ActiveCfg = Release-Net4.5|Any CPU
		{DA1F89DF-85A0-4B81-A362-6B74B54ABA95}.Debug|Any CPU.ActiveCfg = Debug-Net4.5|Any CPU
		{DA1F89DF-85A0-4B81-A362-6B74B54ABA95}.Debug|Any CPU.Build.0 = Debug-Net4.5|Any CPU
		{DA1F89DF-85A0-4B81-A362-6B74B54ABA95}.Debug-Net4.0|Any CPU.ActiveCfg = Debug-Net4.0|Any CPU
		{DA1F89DF-85A0-4B81-A362-6B74B54ABA95}.Debug-Net4.0|Any CPU.Build.0 = Debug-Net4.0|Any CPU
		{DA1F89DF-85A0-4B81-A362-6B74B54ABA95}.Debug-Net4.5|Any CPU.ActiveCfg = Debug-Net4.5|Any CPU
		{DA1F89DF-85A0-4B81-A362-6B74B54ABA95}.Debug-Net4.5|Any CPU.Build.0 = Debug-Net4.5|Any CPU
		{DA1F89DF-85A0-4B81-A362-6B74B54ABA95}.Release|Any CPU.ActiveCfg = Release-Net4.5|Any CPU
		{DA1F89DF-85A0-4B81-A362-6B74B54ABA95}.Release|Any CPU.Build.0 = Release-Net4.5|Any CPU
		{DA1F89DF-85A0-4B81-A362-6B74B54ABA95}.Release-Net4.0|Any CPU.ActiveCfg = Release-Net4.0|Any CPU
		{DA1F89DF-85A0-4B81-A362-6B74B54ABA95}.Release-Net4.0|Any CPU.Build.0 = Release-Net4.0|Any CPU
		{DA1F89DF-85A0-4B81-A362-6B74B54ABA95}.Release-Net4.5|Any CPU.ActiveCfg = Release-Net4.5|Any CPU
		{DA1F89DF-85A0-4B81-A362-6B74B54ABA95}.Release-Net4.5|Any CPU.Build.0 = Release-Net4.5|Any CPU
		{3C3897D7-6D9A-41F7-843D-D14DDEE70ECC}.Debug|Any CPU.ActiveCfg = Debug|Any CPU
		{3C3897D7-6D9A-41F7-843D-D14DDEE70ECC}.Debug|Any CPU.Build.0 = Debug|Any CPU
		{3C3897D7-6D9A-41F7-843D-D14DDEE70ECC}.Debug-Net4.0|Any CPU.ActiveCfg = Debug-Net4.0|Any CPU
		{3C3897D7-6D9A-41F7-843D-D14DDEE70ECC}.Debug-Net4.0|Any CPU.Build.0 = Debug-Net4.0|Any CPU
		{3C3897D7-6D9A-41F7-843D-D14DDEE70ECC}.Debug-Net4.5|Any CPU.ActiveCfg = Debug-Net4.5|Any CPU
		{3C3897D7-6D9A-41F7-843D-D14DDEE70ECC}.Debug-Net4.5|Any CPU.Build.0 = Debug-Net4.5|Any CPU
		{3C3897D7-6D9A-41F7-843D-D14DDEE70ECC}.Release|Any CPU.ActiveCfg = Release-Net4.5|Any CPU
		{3C3897D7-6D9A-41F7-843D-D14DDEE70ECC}.Release|Any CPU.Build.0 = Release-Net4.5|Any CPU
		{3C3897D7-6D9A-41F7-843D-D14DDEE70ECC}.Release-Net4.0|Any CPU.ActiveCfg = Release-Net4.0|Any CPU
		{3C3897D7-6D9A-41F7-843D-D14DDEE70ECC}.Release-Net4.0|Any CPU.Build.0 = Release-Net4.0|Any CPU
		{3C3897D7-6D9A-41F7-843D-D14DDEE70ECC}.Release-Net4.5|Any CPU.ActiveCfg = Release-Net4.5|Any CPU
		{3C3897D7-6D9A-41F7-843D-D14DDEE70ECC}.Release-Net4.5|Any CPU.Build.0 = Release-Net4.5|Any CPU
		{75DBDA1D-7776-45FD-82DE-8C8EECA3AC1F}.Debug|Any CPU.ActiveCfg = Debug-Net4.5|Any CPU
		{75DBDA1D-7776-45FD-82DE-8C8EECA3AC1F}.Debug|Any CPU.Build.0 = Debug-Net4.5|Any CPU
		{75DBDA1D-7776-45FD-82DE-8C8EECA3AC1F}.Debug-Net4.0|Any CPU.ActiveCfg = Debug-Net4.0|Any CPU
		{75DBDA1D-7776-45FD-82DE-8C8EECA3AC1F}.Debug-Net4.0|Any CPU.Build.0 = Debug-Net4.0|Any CPU
		{75DBDA1D-7776-45FD-82DE-8C8EECA3AC1F}.Debug-Net4.5|Any CPU.ActiveCfg = Debug-Net4.5|Any CPU
		{75DBDA1D-7776-45FD-82DE-8C8EECA3AC1F}.Debug-Net4.5|Any CPU.Build.0 = Debug-Net4.5|Any CPU
		{75DBDA1D-7776-45FD-82DE-8C8EECA3AC1F}.Release|Any CPU.ActiveCfg = Release-Net4.5|Any CPU
		{75DBDA1D-7776-45FD-82DE-8C8EECA3AC1F}.Release|Any CPU.Build.0 = Release-Net4.5|Any CPU
		{75DBDA1D-7776-45FD-82DE-8C8EECA3AC1F}.Release-Net4.0|Any CPU.ActiveCfg = Release-Net4.0|Any CPU
		{75DBDA1D-7776-45FD-82DE-8C8EECA3AC1F}.Release-Net4.0|Any CPU.Build.0 = Release-Net4.0|Any CPU
		{75DBDA1D-7776-45FD-82DE-8C8EECA3AC1F}.Release-Net4.5|Any CPU.ActiveCfg = Release-Net4.5|Any CPU
		{75DBDA1D-7776-45FD-82DE-8C8EECA3AC1F}.Release-Net4.5|Any CPU.Build.0 = Release-Net4.5|Any CPU
		{A0FB3D9B-98A9-403F-8C70-380EC2CF24CC}.Debug|Any CPU.ActiveCfg = Debug-Net4.5|Any CPU
		{A0FB3D9B-98A9-403F-8C70-380EC2CF24CC}.Debug|Any CPU.Build.0 = Debug-Net4.5|Any CPU
		{A0FB3D9B-98A9-403F-8C70-380EC2CF24CC}.Debug-Net4.0|Any CPU.ActiveCfg = Debug-Net4.0|Any CPU
		{A0FB3D9B-98A9-403F-8C70-380EC2CF24CC}.Debug-Net4.0|Any CPU.Build.0 = Debug-Net4.0|Any CPU
		{A0FB3D9B-98A9-403F-8C70-380EC2CF24CC}.Debug-Net4.5|Any CPU.ActiveCfg = Debug-Net4.5|Any CPU
		{A0FB3D9B-98A9-403F-8C70-380EC2CF24CC}.Debug-Net4.5|Any CPU.Build.0 = Debug-Net4.5|Any CPU
		{A0FB3D9B-98A9-403F-8C70-380EC2CF24CC}.Release|Any CPU.ActiveCfg = Release-Net4.5|Any CPU
		{A0FB3D9B-98A9-403F-8C70-380EC2CF24CC}.Release|Any CPU.Build.0 = Release-Net4.5|Any CPU
		{A0FB3D9B-98A9-403F-8C70-380EC2CF24CC}.Release-Net4.0|Any CPU.ActiveCfg = Release-Net4.0|Any CPU
		{A0FB3D9B-98A9-403F-8C70-380EC2CF24CC}.Release-Net4.5|Any CPU.ActiveCfg = Release-Net4.5|Any CPU
		{5174BDA8-367C-41E2-A5AB-71D179F9F8B1}.Debug|Any CPU.ActiveCfg = Debug-Net4.5|Any CPU
		{5174BDA8-367C-41E2-A5AB-71D179F9F8B1}.Debug|Any CPU.Build.0 = Debug-Net4.5|Any CPU
		{5174BDA8-367C-41E2-A5AB-71D179F9F8B1}.Debug-Net4.0|Any CPU.ActiveCfg = Debug-Net4.0|Any CPU
		{5174BDA8-367C-41E2-A5AB-71D179F9F8B1}.Debug-Net4.0|Any CPU.Build.0 = Debug-Net4.0|Any CPU
		{5174BDA8-367C-41E2-A5AB-71D179F9F8B1}.Debug-Net4.5|Any CPU.ActiveCfg = Debug-Net4.5|Any CPU
		{5174BDA8-367C-41E2-A5AB-71D179F9F8B1}.Debug-Net4.5|Any CPU.Build.0 = Debug-Net4.5|Any CPU
		{5174BDA8-367C-41E2-A5AB-71D179F9F8B1}.Release|Any CPU.ActiveCfg = Release|Any CPU
		{5174BDA8-367C-41E2-A5AB-71D179F9F8B1}.Release|Any CPU.Build.0 = Release|Any CPU
		{5174BDA8-367C-41E2-A5AB-71D179F9F8B1}.Release-Net4.0|Any CPU.ActiveCfg = Release-Net4.0|Any CPU
		{5174BDA8-367C-41E2-A5AB-71D179F9F8B1}.Release-Net4.5|Any CPU.ActiveCfg = Release-Net4.5|Any CPU
		{19033220-7019-4C36-A82D-CBEDDE03DFF3}.Debug|Any CPU.ActiveCfg = Debug-Net4.5|Any CPU
		{19033220-7019-4C36-A82D-CBEDDE03DFF3}.Debug|Any CPU.Build.0 = Debug-Net4.5|Any CPU
		{19033220-7019-4C36-A82D-CBEDDE03DFF3}.Debug-Net4.0|Any CPU.ActiveCfg = Debug-Net4.0|Any CPU
		{19033220-7019-4C36-A82D-CBEDDE03DFF3}.Debug-Net4.0|Any CPU.Build.0 = Debug-Net4.0|Any CPU
		{19033220-7019-4C36-A82D-CBEDDE03DFF3}.Debug-Net4.5|Any CPU.ActiveCfg = Debug-Net4.5|Any CPU
		{19033220-7019-4C36-A82D-CBEDDE03DFF3}.Debug-Net4.5|Any CPU.Build.0 = Debug-Net4.5|Any CPU
		{19033220-7019-4C36-A82D-CBEDDE03DFF3}.Release|Any CPU.ActiveCfg = Release-Net4.5|Any CPU
		{19033220-7019-4C36-A82D-CBEDDE03DFF3}.Release|Any CPU.Build.0 = Release-Net4.5|Any CPU
		{19033220-7019-4C36-A82D-CBEDDE03DFF3}.Release-Net4.0|Any CPU.ActiveCfg = Release-Net4.0|Any CPU
		{19033220-7019-4C36-A82D-CBEDDE03DFF3}.Release-Net4.5|Any CPU.ActiveCfg = Release-Net4.5|Any CPU
		{0BBA4607-5B30-469F-8BC2-2FD8DF851A99}.Debug|Any CPU.ActiveCfg = Debug-Net4.0|Any CPU
		{0BBA4607-5B30-469F-8BC2-2FD8DF851A99}.Debug|Any CPU.Build.0 = Debug-Net4.0|Any CPU
		{0BBA4607-5B30-469F-8BC2-2FD8DF851A99}.Debug-Net4.0|Any CPU.ActiveCfg = Debug-Net4.0|Any CPU
		{0BBA4607-5B30-469F-8BC2-2FD8DF851A99}.Debug-Net4.0|Any CPU.Build.0 = Debug-Net4.0|Any CPU
		{0BBA4607-5B30-469F-8BC2-2FD8DF851A99}.Debug-Net4.5|Any CPU.ActiveCfg = Debug-Net4.5|Any CPU
		{0BBA4607-5B30-469F-8BC2-2FD8DF851A99}.Debug-Net4.5|Any CPU.Build.0 = Debug-Net4.5|Any CPU
		{0BBA4607-5B30-469F-8BC2-2FD8DF851A99}.Release|Any CPU.ActiveCfg = Release-Net4.0|Any CPU
		{0BBA4607-5B30-469F-8BC2-2FD8DF851A99}.Release|Any CPU.Build.0 = Release-Net4.0|Any CPU
		{0BBA4607-5B30-469F-8BC2-2FD8DF851A99}.Release-Net4.0|Any CPU.ActiveCfg = Release-Net4.0|Any CPU
		{0BBA4607-5B30-469F-8BC2-2FD8DF851A99}.Release-Net4.0|Any CPU.Build.0 = Release-Net4.0|Any CPU
		{0BBA4607-5B30-469F-8BC2-2FD8DF851A99}.Release-Net4.5|Any CPU.ActiveCfg = Release-Net4.5|Any CPU
		{0BBA4607-5B30-469F-8BC2-2FD8DF851A99}.Release-Net4.5|Any CPU.Build.0 = Release-Net4.5|Any CPU
		{3F4492EF-D1CE-4F44-B20C-5DE97E3B724B}.Debug|Any CPU.ActiveCfg = Debug-Net4.0|Any CPU
		{3F4492EF-D1CE-4F44-B20C-5DE97E3B724B}.Debug|Any CPU.Build.0 = Debug-Net4.0|Any CPU
		{3F4492EF-D1CE-4F44-B20C-5DE97E3B724B}.Debug-Net4.0|Any CPU.ActiveCfg = Debug-Net4.0|Any CPU
		{3F4492EF-D1CE-4F44-B20C-5DE97E3B724B}.Debug-Net4.0|Any CPU.Build.0 = Debug-Net4.0|Any CPU
		{3F4492EF-D1CE-4F44-B20C-5DE97E3B724B}.Debug-Net4.5|Any CPU.ActiveCfg = Debug-Net4.5|Any CPU
		{3F4492EF-D1CE-4F44-B20C-5DE97E3B724B}.Debug-Net4.5|Any CPU.Build.0 = Debug-Net4.5|Any CPU
		{3F4492EF-D1CE-4F44-B20C-5DE97E3B724B}.Release|Any CPU.ActiveCfg = Release-Net4.0|Any CPU
		{3F4492EF-D1CE-4F44-B20C-5DE97E3B724B}.Release|Any CPU.Build.0 = Release-Net4.0|Any CPU
		{3F4492EF-D1CE-4F44-B20C-5DE97E3B724B}.Release-Net4.0|Any CPU.ActiveCfg = Release-Net4.0|Any CPU
		{3F4492EF-D1CE-4F44-B20C-5DE97E3B724B}.Release-Net4.0|Any CPU.Build.0 = Release-Net4.0|Any CPU
		{3F4492EF-D1CE-4F44-B20C-5DE97E3B724B}.Release-Net4.5|Any CPU.ActiveCfg = Release-Net4.5|Any CPU
		{3F4492EF-D1CE-4F44-B20C-5DE97E3B724B}.Release-Net4.5|Any CPU.Build.0 = Release-Net4.5|Any CPU
	EndGlobalSection
	GlobalSection(SolutionProperties) = preSolution
		HideSolutionNode = FALSE
	EndGlobalSection
	GlobalSection(NestedProjects) = preSolution
		{82E5ECA3-9B1C-430B-96EF-89A083C45B7A} = {24DBD7FC-846D-483E-B8F6-D2C46542EB8B}
		{318F3A5E-F9D0-4A80-8D42-D3D814543044} = {24DBD7FC-846D-483E-B8F6-D2C46542EB8B}
		{BF994794-04ED-43CA-86B0-482A996756F7} = {24DBD7FC-846D-483E-B8F6-D2C46542EB8B}
		{790AA57D-FD4B-451D-8641-304FDC2659F2} = {A11FF895-CBAA-4F5D-AB30-BE3F359BD79C}
		{DA1F89DF-85A0-4B81-A362-6B74B54ABA95} = {AA5D60F3-BDE8-4D46-89C9-658879AFD4CD}
		{3C3897D7-6D9A-41F7-843D-D14DDEE70ECC} = {AA5D60F3-BDE8-4D46-89C9-658879AFD4CD}
		{75DBDA1D-7776-45FD-82DE-8C8EECA3AC1F} = {5FA58E60-289C-4013-BFAB-DF3DAD69CA21}
		{A0FB3D9B-98A9-403F-8C70-380EC2CF24CC} = {035E2F16-D115-4C8C-BF65-8C6362452B1C}
		{5174BDA8-367C-41E2-A5AB-71D179F9F8B1} = {035E2F16-D115-4C8C-BF65-8C6362452B1C}
		{19033220-7019-4C36-A82D-CBEDDE03DFF3} = {035E2F16-D115-4C8C-BF65-8C6362452B1C}
		{0BBA4607-5B30-469F-8BC2-2FD8DF851A99} = {E9BCC194-F034-442E-AD82-8FC76F535E84}
		{3F4492EF-D1CE-4F44-B20C-5DE97E3B724B} = {E9BCC194-F034-442E-AD82-8FC76F535E84}
	EndGlobalSection
EndGlobal
