
Microsoft Visual Studio Solution File, Format Version 12.00
# Visual Studio 2013
VisualStudioVersion = 12.0.30723.0
MinimumVisualStudioVersion = 10.0.40219.1
Project("{2150E333-8FDC-42A3-9474-1A3956D46DE8}") = "Host", "Host", "{24DBD7FC-846D-483E-B8F6-D2C46542EB8B}"
EndProject
Project("{FAE04EC0-301F-11D3-BF4B-00C04F79EFBC}") = "KonfDB.Infrastructure", "KonfDB.Infrastructure\KonfDB.Infrastructure.csproj", "{82E5ECA3-9B1C-430B-96EF-89A083C45B7A}"
EndProject
Project("{FAE04EC0-301F-11D3-BF4B-00C04F79EFBC}") = "KonfDBHost", "KonfDBHost\KonfDBHost.csproj", "{318F3A5E-F9D0-4A80-8D42-D3D814543044}"
EndProject
Project("{FAE04EC0-301F-11D3-BF4B-00C04F79EFBC}") = "KonfDB.Engine", "KonfDB.Engine\KonfDB.Engine.csproj", "{BF994794-04ED-43CA-86B0-482A996756F7}"
EndProject
Project("{2150E333-8FDC-42A3-9474-1A3956D46DE8}") = "UnitTests", "UnitTests", "{A11FF895-CBAA-4F5D-AB30-BE3F359BD79C}"
EndProject
Project("{FAE04EC0-301F-11D3-BF4B-00C04F79EFBC}") = "KonfDB.InfrastructureTests", "UnitTests\KonfDB.InfrastructureTests\KonfDB.InfrastructureTests.csproj", "{790AA57D-FD4B-451D-8641-304FDC2659F2}"
EndProject
Project("{2150E333-8FDC-42A3-9474-1A3956D46DE8}") = "Client", "Client", "{AA5D60F3-BDE8-4D46-89C9-658879AFD4CD}"
EndProject
Project("{FAE04EC0-301F-11D3-BF4B-00C04F79EFBC}") = "KonfDBCF", "KonfDBCF\KonfDBCF.csproj", "{DA1F89DF-85A0-4B81-A362-6B74B54ABA95}"
EndProject
Project("{FAE04EC0-301F-11D3-BF4B-00C04F79EFBC}") = "KonfDBRC", "KonfDB\KonfDBRC.csproj", "{3C3897D7-6D9A-41F7-843D-D14DDEE70ECC}"
EndProject
Global
	GlobalSection(SolutionConfigurationPlatforms) = preSolution
		Debug|Any CPU = Debug|Any CPU
		Release|Any CPU = Release|Any CPU
	EndGlobalSection
	GlobalSection(ProjectConfigurationPlatforms) = postSolution
		{82E5ECA3-9B1C-430B-96EF-89A083C45B7A}.Debug|Any CPU.ActiveCfg = Debug|Any CPU
		{82E5ECA3-9B1C-430B-96EF-89A083C45B7A}.Debug|Any CPU.Build.0 = Debug|Any CPU
		{82E5ECA3-9B1C-430B-96EF-89A083C45B7A}.Release|Any CPU.ActiveCfg = Release|Any CPU
		{82E5ECA3-9B1C-430B-96EF-89A083C45B7A}.Release|Any CPU.Build.0 = Release|Any CPU
		{318F3A5E-F9D0-4A80-8D42-D3D814543044}.Debug|Any CPU.ActiveCfg = Debug|Any CPU
		{318F3A5E-F9D0-4A80-8D42-D3D814543044}.Debug|Any CPU.Build.0 = Debug|Any CPU
		{318F3A5E-F9D0-4A80-8D42-D3D814543044}.Release|Any CPU.ActiveCfg = Release|Any CPU
		{318F3A5E-F9D0-4A80-8D42-D3D814543044}.Release|Any CPU.Build.0 = Release|Any CPU
		{BF994794-04ED-43CA-86B0-482A996756F7}.Debug|Any CPU.ActiveCfg = Debug|Any CPU
		{BF994794-04ED-43CA-86B0-482A996756F7}.Debug|Any CPU.Build.0 = Debug|Any CPU
		{BF994794-04ED-43CA-86B0-482A996756F7}.Release|Any CPU.ActiveCfg = Release|Any CPU
		{BF994794-04ED-43CA-86B0-482A996756F7}.Release|Any CPU.Build.0 = Release|Any CPU
		{790AA57D-FD4B-451D-8641-304FDC2659F2}.Debug|Any CPU.ActiveCfg = Debug|Any CPU
		{790AA57D-FD4B-451D-8641-304FDC2659F2}.Debug|Any CPU.Build.0 = Debug|Any CPU
		{790AA57D-FD4B-451D-8641-304FDC2659F2}.Release|Any CPU.ActiveCfg = Release|Any CPU
		{790AA57D-FD4B-451D-8641-304FDC2659F2}.Release|Any CPU.Build.0 = Release|Any CPU
		{DA1F89DF-85A0-4B81-A362-6B74B54ABA95}.Debug|Any CPU.ActiveCfg = Debug|Any CPU
		{DA1F89DF-85A0-4B81-A362-6B74B54ABA95}.Debug|Any CPU.Build.0 = Debug|Any CPU
		{DA1F89DF-85A0-4B81-A362-6B74B54ABA95}.Release|Any CPU.ActiveCfg = Release|Any CPU
		{DA1F89DF-85A0-4B81-A362-6B74B54ABA95}.Release|Any CPU.Build.0 = Release|Any CPU
		{3C3897D7-6D9A-41F7-843D-D14DDEE70ECC}.Debug|Any CPU.ActiveCfg = Debug|Any CPU
		{3C3897D7-6D9A-41F7-843D-D14DDEE70ECC}.Debug|Any CPU.Build.0 = Debug|Any CPU
		{3C3897D7-6D9A-41F7-843D-D14DDEE70ECC}.Release|Any CPU.ActiveCfg = Release|Any CPU
		{3C3897D7-6D9A-41F7-843D-D14DDEE70ECC}.Release|Any CPU.Build.0 = Release|Any CPU
	EndGlobalSection
	GlobalSection(SolutionProperties) = preSolution
		HideSolutionNode = FALSE
	EndGlobalSection
	GlobalSection(NestedProjects) = preSolution
		{82E5ECA3-9B1C-430B-96EF-89A083C45B7A} = {24DBD7FC-846D-483E-B8F6-D2C46542EB8B}
		{318F3A5E-F9D0-4A80-8D42-D3D814543044} = {24DBD7FC-846D-483E-B8F6-D2C46542EB8B}
		{BF994794-04ED-43CA-86B0-482A996756F7} = {24DBD7FC-846D-483E-B8F6-D2C46542EB8B}
		{790AA57D-FD4B-451D-8641-304FDC2659F2} = {A11FF895-CBAA-4F5D-AB30-BE3F359BD79C}
		{DA1F89DF-85A0-4B81-A362-6B74B54ABA95} = {AA5D60F3-BDE8-4D46-89C9-658879AFD4CD}
		{3C3897D7-6D9A-41F7-843D-D14DDEE70ECC} = {AA5D60F3-BDE8-4D46-89C9-658879AFD4CD}
	EndGlobalSection
EndGlobal
